
Microsoft Visual Studio Solution File, Format Version 12.00
# Visual Studio 15
VisualStudioVersion = 15.0.28307.271
MinimumVisualStudioVersion = 10.0.40219.1
Project("{FAE04EC0-301F-11D3-BF4B-00C04F79EFBC}") = "ICT3101_Calculator", "ICT3101_Calculator\ICT3101_Calculator.csproj", "{9FBCEA20-F414-4111-9C0D-F97A3D5152C7}"
EndProject
Project("{FAE04EC0-301F-11D3-BF4B-00C04F79EFBC}") = "ICT3101_Calculator.UnitTests", "ICT3101_Calculator.UnitTests\ICT3101_Calculator.UnitTests.csproj", "{9455D7CA-5CF9-4A2E-BA83-10979854AB03}"
EndProject
Global
	GlobalSection(SolutionConfigurationPlatforms) = preSolution
		Debug|Any CPU = Debug|Any CPU
		Release|Any CPU = Release|Any CPU
	EndGlobalSection
	GlobalSection(ProjectConfigurationPlatforms) = postSolution
		{9FBCEA20-F414-4111-9C0D-F97A3D5152C7}.Debug|Any CPU.ActiveCfg = Debug|Any CPU
		{9FBCEA20-F414-4111-9C0D-F97A3D5152C7}.Debug|Any CPU.Build.0 = Debug|Any CPU
		{9FBCEA20-F414-4111-9C0D-F97A3D5152C7}.Release|Any CPU.ActiveCfg = Release|Any CPU
		{9FBCEA20-F414-4111-9C0D-F97A3D5152C7}.Release|Any CPU.Build.0 = Release|Any CPU
		{9455D7CA-5CF9-4A2E-BA83-10979854AB03}.Debug|Any CPU.ActiveCfg = Debug|Any CPU
		{9455D7CA-5CF9-4A2E-BA83-10979854AB03}.Debug|Any CPU.Build.0 = Debug|Any CPU
		{9455D7CA-5CF9-4A2E-BA83-10979854AB03}.Release|Any CPU.ActiveCfg = Release|Any CPU
		{9455D7CA-5CF9-4A2E-BA83-10979854AB03}.Release|Any CPU.Build.0 = Release|Any CPU
	EndGlobalSection
	GlobalSection(SolutionProperties) = preSolution
		HideSolutionNode = FALSE
	EndGlobalSection
	GlobalSection(ExtensibilityGlobals) = postSolution
		SolutionGuid = {9B0C5090-A4CE-439A-970E-622800312D89}
	EndGlobalSection
EndGlobal
